
Microsoft Visual Studio Solution File, Format Version 12.00
# Visual Studio 15
VisualStudioVersion = 15.0.28010.2016
MinimumVisualStudioVersion = 10.0.40219.1
Project("{FAE04EC0-301F-11D3-BF4B-00C04F79EFBC}") = "Tilstandsmaskiner", "Tilstandsmaskiner\Tilstandsmaskiner.csproj", "{9CA9B453-D121-4D96-BEBD-F9A09AB3E1F4}"
EndProject
Global
	GlobalSection(SolutionConfigurationPlatforms) = preSolution
		Debug|Any CPU = Debug|Any CPU
		Release|Any CPU = Release|Any CPU
	EndGlobalSection
	GlobalSection(ProjectConfigurationPlatforms) = postSolution
		{9CA9B453-D121-4D96-BEBD-F9A09AB3E1F4}.Debug|Any CPU.ActiveCfg = Debug|Any CPU
		{9CA9B453-D121-4D96-BEBD-F9A09AB3E1F4}.Debug|Any CPU.Build.0 = Debug|Any CPU
		{9CA9B453-D121-4D96-BEBD-F9A09AB3E1F4}.Release|Any CPU.ActiveCfg = Release|Any CPU
		{9CA9B453-D121-4D96-BEBD-F9A09AB3E1F4}.Release|Any CPU.Build.0 = Release|Any CPU
	EndGlobalSection
	GlobalSection(SolutionProperties) = preSolution
		HideSolutionNode = FALSE
	EndGlobalSection
	GlobalSection(ExtensibilityGlobals) = postSolution
		SolutionGuid = {CAFC4F37-6887-4F07-9658-BFE55F334233}
	EndGlobalSection
EndGlobal
