
Microsoft Visual Studio Solution File, Format Version 12.00
# Visual Studio 15
VisualStudioVersion = 15.0.28010.2050
MinimumVisualStudioVersion = 10.0.40219.1
Project("{FAE04EC0-301F-11D3-BF4B-00C04F79EFBC}") = "LesFraFil1", "LesFraFil1\LesFraFil1.csproj", "{FB851D1B-44EB-4FB0-8592-B4D460A78DBB}"
EndProject
Project("{FAE04EC0-301F-11D3-BF4B-00C04F79EFBC}") = "SkrivTilFil", "SkrivTilFil\SkrivTilFil.csproj", "{041EF4CB-E75E-4AA3-96E9-236454F41A87}"
EndProject
Global
	GlobalSection(SolutionConfigurationPlatforms) = preSolution
		Debug|Any CPU = Debug|Any CPU
		Release|Any CPU = Release|Any CPU
	EndGlobalSection
	GlobalSection(ProjectConfigurationPlatforms) = postSolution
		{FB851D1B-44EB-4FB0-8592-B4D460A78DBB}.Debug|Any CPU.ActiveCfg = Debug|Any CPU
		{FB851D1B-44EB-4FB0-8592-B4D460A78DBB}.Debug|Any CPU.Build.0 = Debug|Any CPU
		{FB851D1B-44EB-4FB0-8592-B4D460A78DBB}.Release|Any CPU.ActiveCfg = Release|Any CPU
		{FB851D1B-44EB-4FB0-8592-B4D460A78DBB}.Release|Any CPU.Build.0 = Release|Any CPU
		{041EF4CB-E75E-4AA3-96E9-236454F41A87}.Debug|Any CPU.ActiveCfg = Debug|Any CPU
		{041EF4CB-E75E-4AA3-96E9-236454F41A87}.Debug|Any CPU.Build.0 = Debug|Any CPU
		{041EF4CB-E75E-4AA3-96E9-236454F41A87}.Release|Any CPU.ActiveCfg = Release|Any CPU
		{041EF4CB-E75E-4AA3-96E9-236454F41A87}.Release|Any CPU.Build.0 = Release|Any CPU
	EndGlobalSection
	GlobalSection(SolutionProperties) = preSolution
		HideSolutionNode = FALSE
	EndGlobalSection
	GlobalSection(ExtensibilityGlobals) = postSolution
		SolutionGuid = {B9CB3BBC-2F0A-4B90-9058-5BA5B1184B9E}
	EndGlobalSection
EndGlobal
