
Microsoft Visual Studio Solution File, Format Version 12.00
# Visual Studio 15
VisualStudioVersion = 15.0.28010.2016
MinimumVisualStudioVersion = 10.0.40219.1
Project("{FAE04EC0-301F-11D3-BF4B-00C04F79EFBC}") = "O6", "Kap 5\O6.csproj", "{A09229AA-B6B9-45C3-966D-A07A5612E6B6}"
EndProject
Project("{FAE04EC0-301F-11D3-BF4B-00C04F79EFBC}") = "O1_adiz", "O1_adiz\O1_adiz.csproj", "{14A8907D-910A-45C3-A672-F69B2F1EA19B}"
EndProject
Project("{FAE04EC0-301F-11D3-BF4B-00C04F79EFBC}") = "O2_adiz", "O2_adiz\O2_adiz.csproj", "{D60E9F37-EAFB-4C3C-877A-BAEB1836AB76}"
EndProject
Project("{FAE04EC0-301F-11D3-BF4B-00C04F79EFBC}") = "O4_adiz", "O3_adiz\O4_adiz.csproj", "{EDEF1104-6D3D-46AF-BE52-BAB493158459}"
EndProject
Project("{FAE04EC0-301F-11D3-BF4B-00C04F79EFBC}") = "O6_adiz", "O6_adiz\O6_adiz.csproj", "{5B1CA429-9529-419A-9191-DFB56C0AA057}"
EndProject
Project("{FAE04EC0-301F-11D3-BF4B-00C04F79EFBC}") = "O7 - Monitor", "O7\O7 - Monitor.csproj", "{1B88B19F-3010-4C00-83CF-40F662F98684}"
EndProject
Project("{FAE04EC0-301F-11D3-BF4B-00C04F79EFBC}") = "O7_GUI", "O7_GUI\O7_GUI.csproj", "{9847E872-1146-41BD-8660-BC67C7D2A5E9}"
EndProject
Global
	GlobalSection(SolutionConfigurationPlatforms) = preSolution
		Debug|Any CPU = Debug|Any CPU
		Release|Any CPU = Release|Any CPU
	EndGlobalSection
	GlobalSection(ProjectConfigurationPlatforms) = postSolution
		{A09229AA-B6B9-45C3-966D-A07A5612E6B6}.Debug|Any CPU.ActiveCfg = Debug|Any CPU
		{A09229AA-B6B9-45C3-966D-A07A5612E6B6}.Debug|Any CPU.Build.0 = Debug|Any CPU
		{A09229AA-B6B9-45C3-966D-A07A5612E6B6}.Release|Any CPU.ActiveCfg = Release|Any CPU
		{A09229AA-B6B9-45C3-966D-A07A5612E6B6}.Release|Any CPU.Build.0 = Release|Any CPU
		{14A8907D-910A-45C3-A672-F69B2F1EA19B}.Debug|Any CPU.ActiveCfg = Debug|Any CPU
		{14A8907D-910A-45C3-A672-F69B2F1EA19B}.Debug|Any CPU.Build.0 = Debug|Any CPU
		{14A8907D-910A-45C3-A672-F69B2F1EA19B}.Release|Any CPU.ActiveCfg = Release|Any CPU
		{14A8907D-910A-45C3-A672-F69B2F1EA19B}.Release|Any CPU.Build.0 = Release|Any CPU
		{D60E9F37-EAFB-4C3C-877A-BAEB1836AB76}.Debug|Any CPU.ActiveCfg = Debug|Any CPU
		{D60E9F37-EAFB-4C3C-877A-BAEB1836AB76}.Debug|Any CPU.Build.0 = Debug|Any CPU
		{D60E9F37-EAFB-4C3C-877A-BAEB1836AB76}.Release|Any CPU.ActiveCfg = Release|Any CPU
		{D60E9F37-EAFB-4C3C-877A-BAEB1836AB76}.Release|Any CPU.Build.0 = Release|Any CPU
		{EDEF1104-6D3D-46AF-BE52-BAB493158459}.Debug|Any CPU.ActiveCfg = Debug|Any CPU
		{EDEF1104-6D3D-46AF-BE52-BAB493158459}.Debug|Any CPU.Build.0 = Debug|Any CPU
		{EDEF1104-6D3D-46AF-BE52-BAB493158459}.Release|Any CPU.ActiveCfg = Release|Any CPU
		{EDEF1104-6D3D-46AF-BE52-BAB493158459}.Release|Any CPU.Build.0 = Release|Any CPU
		{5B1CA429-9529-419A-9191-DFB56C0AA057}.Debug|Any CPU.ActiveCfg = Debug|Any CPU
		{5B1CA429-9529-419A-9191-DFB56C0AA057}.Debug|Any CPU.Build.0 = Debug|Any CPU
		{5B1CA429-9529-419A-9191-DFB56C0AA057}.Release|Any CPU.ActiveCfg = Release|Any CPU
		{5B1CA429-9529-419A-9191-DFB56C0AA057}.Release|Any CPU.Build.0 = Release|Any CPU
		{1B88B19F-3010-4C00-83CF-40F662F98684}.Debug|Any CPU.ActiveCfg = Debug|Any CPU
		{1B88B19F-3010-4C00-83CF-40F662F98684}.Debug|Any CPU.Build.0 = Debug|Any CPU
		{1B88B19F-3010-4C00-83CF-40F662F98684}.Release|Any CPU.ActiveCfg = Release|Any CPU
		{1B88B19F-3010-4C00-83CF-40F662F98684}.Release|Any CPU.Build.0 = Release|Any CPU
		{9847E872-1146-41BD-8660-BC67C7D2A5E9}.Debug|Any CPU.ActiveCfg = Debug|Any CPU
		{9847E872-1146-41BD-8660-BC67C7D2A5E9}.Debug|Any CPU.Build.0 = Debug|Any CPU
		{9847E872-1146-41BD-8660-BC67C7D2A5E9}.Release|Any CPU.ActiveCfg = Release|Any CPU
		{9847E872-1146-41BD-8660-BC67C7D2A5E9}.Release|Any CPU.Build.0 = Release|Any CPU
	EndGlobalSection
	GlobalSection(SolutionProperties) = preSolution
		HideSolutionNode = FALSE
	EndGlobalSection
	GlobalSection(ExtensibilityGlobals) = postSolution
		SolutionGuid = {EE52B383-4626-47C0-9F0E-A52C60FEE1FD}
	EndGlobalSection
EndGlobal
