
Microsoft Visual Studio Solution File, Format Version 12.00
# Visual Studio 15
VisualStudioVersion = 15.0.28307.106
MinimumVisualStudioVersion = 10.0.40219.1
Project("{9A19103F-16F7-4668-BE54-9A1E7A4F7556}") = "Eksamen 2017", "Eksamen 2016\Eksamen 2017.csproj", "{9935FF64-434A-4291-AE10-384BC3BCD5F9}"
EndProject
Project("{FAE04EC0-301F-11D3-BF4B-00C04F79EFBC}") = "oppg_4", "oppg_4\oppg_4.csproj", "{61DFB80E-98B0-4DAC-8DB1-B8B0081FB841}"
EndProject
Global
	GlobalSection(SolutionConfigurationPlatforms) = preSolution
		Debug|Any CPU = Debug|Any CPU
		Release|Any CPU = Release|Any CPU
	EndGlobalSection
	GlobalSection(ProjectConfigurationPlatforms) = postSolution
		{9935FF64-434A-4291-AE10-384BC3BCD5F9}.Debug|Any CPU.ActiveCfg = Debug|Any CPU
		{9935FF64-434A-4291-AE10-384BC3BCD5F9}.Debug|Any CPU.Build.0 = Debug|Any CPU
		{9935FF64-434A-4291-AE10-384BC3BCD5F9}.Release|Any CPU.ActiveCfg = Release|Any CPU
		{9935FF64-434A-4291-AE10-384BC3BCD5F9}.Release|Any CPU.Build.0 = Release|Any CPU
		{61DFB80E-98B0-4DAC-8DB1-B8B0081FB841}.Debug|Any CPU.ActiveCfg = Debug|Any CPU
		{61DFB80E-98B0-4DAC-8DB1-B8B0081FB841}.Debug|Any CPU.Build.0 = Debug|Any CPU
		{61DFB80E-98B0-4DAC-8DB1-B8B0081FB841}.Release|Any CPU.ActiveCfg = Release|Any CPU
		{61DFB80E-98B0-4DAC-8DB1-B8B0081FB841}.Release|Any CPU.Build.0 = Release|Any CPU
	EndGlobalSection
	GlobalSection(SolutionProperties) = preSolution
		HideSolutionNode = FALSE
	EndGlobalSection
	GlobalSection(ExtensibilityGlobals) = postSolution
		SolutionGuid = {ADB9D83D-FA5D-4D0A-9CDF-1DB3E158415C}
	EndGlobalSection
EndGlobal
