
Microsoft Visual Studio Solution File, Format Version 12.00
# Visual Studio 15
VisualStudioVersion = 15.0.28010.2016
MinimumVisualStudioVersion = 10.0.40219.1
Project("{FAE04EC0-301F-11D3-BF4B-00C04F79EFBC}") = "S_oppg_Console", "S_oppg_Console\S_oppg_Console.csproj", "{7056295E-91DA-4528-B01F-3A3E0276213C}"
EndProject
Global
	GlobalSection(SolutionConfigurationPlatforms) = preSolution
		Debug|Any CPU = Debug|Any CPU
		Release|Any CPU = Release|Any CPU
	EndGlobalSection
	GlobalSection(ProjectConfigurationPlatforms) = postSolution
		{7056295E-91DA-4528-B01F-3A3E0276213C}.Debug|Any CPU.ActiveCfg = Debug|Any CPU
		{7056295E-91DA-4528-B01F-3A3E0276213C}.Debug|Any CPU.Build.0 = Debug|Any CPU
		{7056295E-91DA-4528-B01F-3A3E0276213C}.Release|Any CPU.ActiveCfg = Release|Any CPU
		{7056295E-91DA-4528-B01F-3A3E0276213C}.Release|Any CPU.Build.0 = Release|Any CPU
	EndGlobalSection
	GlobalSection(SolutionProperties) = preSolution
		HideSolutionNode = FALSE
	EndGlobalSection
	GlobalSection(ExtensibilityGlobals) = postSolution
		SolutionGuid = {3FDF4F6C-0813-4638-9911-7367FD8E1D39}
	EndGlobalSection
EndGlobal
